
Microsoft Visual Studio Solution File, Format Version 12.00
# Visual Studio Version 16
VisualStudioVersion = 16.0.29613.14
MinimumVisualStudioVersion = 10.0.40219.1
Project("{FAE04EC0-301F-11D3-BF4B-00C04F79EFBC}") = "Bsam.Swagger", "Bsam.Swagger\Bsam.Swagger.csproj", "{6420FF7F-6235-4656-B932-F8689DF7FC63}"
EndProject
Global
	GlobalSection(SolutionConfigurationPlatforms) = preSolution
		Debug|Any CPU = Debug|Any CPU
		Release|Any CPU = Release|Any CPU
	EndGlobalSection
	GlobalSection(ProjectConfigurationPlatforms) = postSolution
		{6420FF7F-6235-4656-B932-F8689DF7FC63}.Debug|Any CPU.ActiveCfg = Debug|Any CPU
		{6420FF7F-6235-4656-B932-F8689DF7FC63}.Debug|Any CPU.Build.0 = Debug|Any CPU
		{6420FF7F-6235-4656-B932-F8689DF7FC63}.Release|Any CPU.ActiveCfg = Release|Any CPU
		{6420FF7F-6235-4656-B932-F8689DF7FC63}.Release|Any CPU.Build.0 = Release|Any CPU
	EndGlobalSection
	GlobalSection(SolutionProperties) = preSolution
		HideSolutionNode = FALSE
	EndGlobalSection
	GlobalSection(ExtensibilityGlobals) = postSolution
		SolutionGuid = {49B2E661-5226-4D18-9AC0-DF1094524C6F}
	EndGlobalSection
EndGlobal
